// !$*UTF8*$!
{
	archiveVersion = 1;
	classes = {
	};
	objectVersion = 50;
	objects = {

/* Begin PBXBuildFile section */
		F33DDFF12608D31600AC24CC /* AppDelegate.swift in Sources */ = {isa = PBXBuildFile; fileRef = F33DDFF02608D31600AC24CC /* AppDelegate.swift */; };
		F33DDFF32608D31600AC24CC /* SceneDelegate.swift in Sources */ = {isa = PBXBuildFile; fileRef = F33DDFF22608D31600AC24CC /* SceneDelegate.swift */; };
		F33DDFF52608D31600AC24CC /* ContentView.swift in Sources */ = {isa = PBXBuildFile; fileRef = F33DDFF42608D31600AC24CC /* ContentView.swift */; };
		F33DDFF72608D31700AC24CC /* Assets.xcassets in Resources */ = {isa = PBXBuildFile; fileRef = F33DDFF62608D31700AC24CC /* Assets.xcassets */; };
		F33DDFFA2608D31700AC24CC /* Preview Assets.xcassets in Resources */ = {isa = PBXBuildFile; fileRef = F33DDFF92608D31700AC24CC /* Preview Assets.xcassets */; };
		F33DDFFD2608D31700AC24CC /* LaunchScreen.storyboard in Resources */ = {isa = PBXBuildFile; fileRef = F33DDFFB2608D31700AC24CC /* LaunchScreen.storyboard */; };
/* End PBXBuildFile section */

/* Begin PBXFileReference section */
		F33DDFED2608D31600AC24CC /* dalva.app */ = {isa = PBXFileReference; explicitFileType = wrapper.application; includeInIndex = 0; path = dalva.app; sourceTree = BUILT_PRODUCTS_DIR; };
		F33DDFF02608D31600AC24CC /* AppDelegate.swift */ = {isa = PBXFileReference; lastKnownFileType = sourcecode.swift; path = AppDelegate.swift; sourceTree = "<group>"; };
		F33DDFF22608D31600AC24CC /* SceneDelegate.swift */ = {isa = PBXFileReference; lastKnownFileType = sourcecode.swift; path = SceneDelegate.swift; sourceTree = "<group>"; };
		F33DDFF42608D31600AC24CC /* ContentView.swift */ = {isa = PBXFileReference; lastKnownFileType = sourcecode.swift; path = ContentView.swift; sourceTree = "<group>"; };
		F33DDFF62608D31700AC24CC /* Assets.xcassets */ = {isa = PBXFileReference; lastKnownFileType = folder.assetcatalog; path = Assets.xcassets; sourceTree = "<group>"; };
		F33DDFF92608D31700AC24CC /* Preview Assets.xcassets */ = {isa = PBXFileReference; lastKnownFileType = folder.assetcatalog; path = "Preview Assets.xcassets"; sourceTree = "<group>"; };
		F33DDFFC2608D31700AC24CC /* Base */ = {isa = PBXFileReference; lastKnownFileType = file.storyboard; name = Base; path = Base.lproj/LaunchScreen.storyboard; sourceTree = "<group>"; };
		F33DDFFE2608D31700AC24CC /* Info.plist */ = {isa = PBXFileReference; lastKnownFileType = text.plist.xml; path = Info.plist; sourceTree = "<group>"; };
/* End PBXFileReference section */

/* Begin PBXFrameworksBuildPhase section */
		F33DDFEA2608D31600AC24CC /* Frameworks */ = {
			isa = PBXFrameworksBuildPhase;
			buildActionMask = 2147483647;
			files = (
			);
			runOnlyForDeploymentPostprocessing = 0;
		};
/* End PBXFrameworksBuildPhase section */

/* Begin PBXGroup section */
		F33DDFE42608D31600AC24CC = {
			isa = PBXGroup;
			children = (
				F33DDFEF2608D31600AC24CC /* dalva */,
				F33DDFEE2608D31600AC24CC /* Products */,
			);
			sourceTree = "<group>";
		};
		F33DDFEE2608D31600AC24CC /* Products */ = {
			isa = PBXGroup;
			children = (
				F33DDFED2608D31600AC24CC /* dalva.app */,
			);
			name = Products;
			sourceTree = "<group>";
		};
		F33DDFEF2608D31600AC24CC /* dalva */ = {
			isa = PBXGroup;
			children = (
				F33DDFF02608D31600AC24CC /* AppDelegate.swift */,
				F33DDFF22608D31600AC24CC /* SceneDelegate.swift */,
				F33DDFF42608D31600AC24CC /* ContentView.swift */,
				F33DDFF62608D31700AC24CC /* Assets.xcassets */,
				F33DDFFB2608D31700AC24CC /* LaunchScreen.storyboard */,
				F33DDFFE2608D31700AC24CC /* Info.plist */,
				F33DDFF82608D31700AC24CC /* Preview Content */,
			);
			path = dalva;
			sourceTree = "<group>";
		};
		F33DDFF82608D31700AC24CC /* Preview Content */ = {
			isa = PBXGroup;
			children = (
				F33DDFF92608D31700AC24CC /* Preview Assets.xcassets */,
			);
			path = "Preview Content";
			sourceTree = "<group>";
		};
/* End PBXGroup section */

/* Begin PBXNativeTarget section */
		F33DDFEC2608D31600AC24CC /* dalva */ = {
			isa = PBXNativeTarget;
			buildConfigurationList = F33DE0012608D31700AC24CC /* Build configuration list for PBXNativeTarget "dalva" */;
			buildPhases = (
				F33DDFE92608D31600AC24CC /* Sources */,
				F33DDFEA2608D31600AC24CC /* Frameworks */,
				F33DDFEB2608D31600AC24CC /* Resources */,
			);
			buildRules = (
			);
			dependencies = (
			);
			name = dalva;
			productName = dalva;
			productReference = F33DDFED2608D31600AC24CC /* dalva.app */;
			productType = "com.apple.product-type.application";
		};
/* End PBXNativeTarget section */

/* Begin PBXProject section */
		F33DDFE52608D31600AC24CC /* Project object */ = {
			isa = PBXProject;
			attributes = {
				LastSwiftUpdateCheck = 1240;
				LastUpgradeCheck = 1240;
				TargetAttributes = {
					F33DDFEC2608D31600AC24CC = {
						CreatedOnToolsVersion = 12.4;
					};
				};
			};
			buildConfigurationList = F33DDFE82608D31600AC24CC /* Build configuration list for PBXProject "dalva" */;
			compatibilityVersion = "Xcode 9.3";
			developmentRegion = en;
			hasScannedForEncodings = 0;
			knownRegions = (
				en,
				Base,
			);
			mainGroup = F33DDFE42608D31600AC24CC;
			productRefGroup = F33DDFEE2608D31600AC24CC /* Products */;
			projectDirPath = "";
			projectRoot = "";
			targets = (
				F33DDFEC2608D31600AC24CC /* dalva */,
			);
		};
/* End PBXProject section */

/* Begin PBXResourcesBuildPhase section */
		F33DDFEB2608D31600AC24CC /* Resources */ = {
			isa = PBXResourcesBuildPhase;
			buildActionMask = 2147483647;
			files = (
				F33DDFFD2608D31700AC24CC /* LaunchScreen.storyboard in Resources */,
				F33DDFFA2608D31700AC24CC /* Preview Assets.xcassets in Resources */,
				F33DDFF72608D31700AC24CC /* Assets.xcassets in Resources */,
			);
			runOnlyForDeploymentPostprocessing = 0;
		};
/* End PBXResourcesBuildPhase section */

/* Begin PBXSourcesBuildPhase section */
		F33DDFE92608D31600AC24CC /* Sources */ = {
			isa = PBXSourcesBuildPhase;
			buildActionMask = 2147483647;
			files = (
				F33DDFF12608D31600AC24CC /* AppDelegate.swift in Sources */,
				F33DDFF32608D31600AC24CC /* SceneDelegate.swift in Sources */,
				F33DDFF52608D31600AC24CC /* ContentView.swift in Sources */,
			);
			runOnlyForDeploymentPostprocessing = 0;
		};
/* End PBXSourcesBuildPhase section */

/* Begin PBXVariantGroup section */
		F33DDFFB2608D31700AC24CC /* LaunchScreen.storyboard */ = {
			isa = PBXVariantGroup;
			children = (
				F33DDFFC2608D31700AC24CC /* Base */,
			);
			name = LaunchScreen.storyboard;
			sourceTree = "<group>";
		};
/* End PBXVariantGroup section */

/* Begin XCBuildConfiguration section */
		F33DDFFF2608D31700AC24CC /* Debug */ = {
			isa = XCBuildConfiguration;
			buildSettings = {
				ALWAYS_SEARCH_USER_PATHS = NO;
				CLANG_ANALYZER_NONNULL = YES;
				CLANG_ANALYZER_NUMBER_OBJECT_CONVERSION = YES_AGGRESSIVE;
				CLANG_CXX_LANGUAGE_STANDARD = "gnu++14";
				CLANG_CXX_LIBRARY = "libc++";
				CLANG_ENABLE_MODULES = YES;
				CLANG_ENABLE_OBJC_ARC = YES;
				CLANG_ENABLE_OBJC_WEAK = YES;
				CLANG_WARN_BLOCK_CAPTURE_AUTORELEASING = YES;
				CLANG_WARN_BOOL_CONVERSION = YES;
				CLANG_WARN_COMMA = YES;
				CLANG_WARN_CONSTANT_CONVERSION = YES;
				CLANG_WARN_DEPRECATED_OBJC_IMPLEMENTATIONS = YES;
				CLANG_WARN_DIRECT_OBJC_ISA_USAGE = YES_ERROR;
				CLANG_WARN_DOCUMENTATION_COMMENTS = YES;
				CLANG_WARN_EMPTY_BODY = YES;
				CLANG_WARN_ENUM_CONVERSION = YES;
				CLANG_WARN_INFINITE_RECURSION = YES;
				CLANG_WARN_INT_CONVERSION = YES;
				CLANG_WARN_NON_LITERAL_NULL_CONVERSION = YES;
				CLANG_WARN_OBJC_IMPLICIT_RETAIN_SELF = YES;
				CLANG_WARN_OBJC_LITERAL_CONVERSION = YES;
				CLANG_WARN_OBJC_ROOT_CLASS = YES_ERROR;
				CLANG_WARN_QUOTED_INCLUDE_IN_FRAMEWORK_HEADER = YES;
				CLANG_WARN_RANGE_LOOP_ANALYSIS = YES;
				CLANG_WARN_STRICT_PROTOTYPES = YES;
				CLANG_WARN_SUSPICIOUS_MOVE = YES;
				CLANG_WARN_UNGUARDED_AVAILABILITY = YES_AGGRESSIVE;
				CLANG_WARN_UNREACHABLE_CODE = YES;
				CLANG_WARN__DUPLICATE_METHOD_MATCH = YES;
				COPY_PHASE_STRIP = NO;
				DEBUG_INFORMATION_FORMAT = dwarf;
				ENABLE_STRICT_OBJC_MSGSEND = YES;
				ENABLE_TESTABILITY = YES;
				GCC_C_LANGUAGE_STANDARD = gnu11;
				GCC_DYNAMIC_NO_PIC = NO;
				GCC_NO_COMMON_BLOCKS = YES;
				GCC_OPTIMIZATION_LEVEL = 0;
				GCC_PREPROCESSOR_DEFINITIONS = (
					"DEBUG=1",
					"$(inherited)",
				);
				GCC_WARN_64_TO_32_BIT_CONVERSION = YES;
				GCC_WARN_ABOUT_RETURN_TYPE = YES_ERROR;
				GCC_WARN_UNDECLARED_SELECTOR = YES;
				GCC_WARN_UNINITIALIZED_AUTOS = YES_AGGRESSIVE;
				GCC_WARN_UNUSED_FUNCTION = YES;
				GCC_WARN_UNUSED_VARIABLE = YES;
				IPHONEOS_DEPLOYMENT_TARGET = 14.4;
				MTL_ENABLE_DEBUG_INFO = INCLUDE_SOURCE;
				MTL_FAST_MATH = YES;
				ONLY_ACTIVE_ARCH = YES;
				SDKROOT = iphoneos;
				SWIFT_ACTIVE_COMPILATION_CONDITIONS = DEBUG;
				SWIFT_OPTIMIZATION_LEVEL = "-Onone";
			};
			name = Debug;
		};
		F33DE0002608D31700AC24CC /* Release */ = {
			isa = XCBuildConfiguration;
			buildSettings = {
				ALWAYS_SEARCH_USER_PATHS = NO;
				CLANG_ANALYZER_NONNULL = YES;
				CLANG_ANALYZER_NUMBER_OBJECT_CONVERSION = YES_AGGRESSIVE;
				CLANG_CXX_LANGUAGE_STANDARD = "gnu++14";
				CLANG_CXX_LIBRARY = "libc++";
				CLANG_ENABLE_MODULES = YES;
				CLANG_ENABLE_OBJC_ARC = YES;
				CLANG_ENABLE_OBJC_WEAK = YES;
				CLANG_WARN_BLOCK_CAPTURE_AUTORELEASING = YES;
				CLANG_WARN_BOOL_CONVERSION = YES;
				CLANG_WARN_COMMA = YES;
				CLANG_WARN_CONSTANT_CONVERSION = YES;
				CLANG_WARN_DEPRECATED_OBJC_IMPLEMENTATIONS = YES;
				CLANG_WARN_DIRECT_OBJC_ISA_USAGE = YES_ERROR;
				CLANG_WARN_DOCUMENTATION_COMMENTS = YES;
				CLANG_WARN_EMPTY_BODY = YES;
				CLANG_WARN_ENUM_CONVERSION = YES;
				CLANG_WARN_INFINITE_RECURSION = YES;
				CLANG_WARN_INT_CONVERSION = YES;
				CLANG_WARN_NON_LITERAL_NULL_CONVERSION = YES;
				CLANG_WARN_OBJC_IMPLICIT_RETAIN_SELF = YES;
				CLANG_WARN_OBJC_LITERAL_CONVERSION = YES;
				CLANG_WARN_OBJC_ROOT_CLASS = YES_ERROR;
				CLANG_WARN_QUOTED_INCLUDE_IN_FRAMEWORK_HEADER = YES;
				CLANG_WARN_RANGE_LOOP_ANALYSIS = YES;
				CLANG_WARN_STRICT_PROTOTYPES = YES;
				CLANG_WARN_SUSPICIOUS_MOVE = YES;
				CLANG_WARN_UNGUARDED_AVAILABILITY = YES_AGGRESSIVE;
				CLANG_WARN_UNREACHABLE_CODE = YES;
				CLANG_WARN__DUPLICATE_METHOD_MATCH = YES;
				COPY_PHASE_STRIP = NO;
				DEBUG_INFORMATION_FORMAT = "dwarf-with-dsym";
				ENABLE_NS_ASSERTIONS = NO;
				ENABLE_STRICT_OBJC_MSGSEND = YES;
				GCC_C_LANGUAGE_STANDARD = gnu11;
				GCC_NO_COMMON_BLOCKS = YES;
				GCC_WARN_64_TO_32_BIT_CONVERSION = YES;
				GCC_WARN_ABOUT_RETURN_TYPE = YES_ERROR;
				GCC_WARN_UNDECLARED_SELECTOR = YES;
				GCC_WARN_UNINITIALIZED_AUTOS = YES_AGGRESSIVE;
				GCC_WARN_UNUSED_FUNCTION = YES;
				GCC_WARN_UNUSED_VARIABLE = YES;
				IPHONEOS_DEPLOYMENT_TARGET = 14.4;
				MTL_ENABLE_DEBUG_INFO = NO;
				MTL_FAST_MATH = YES;
				SDKROOT = iphoneos;
				SWIFT_COMPILATION_MODE = wholemodule;
				SWIFT_OPTIMIZATION_LEVEL = "-O";
				VALIDATE_PRODUCT = YES;
			};
			name = Release;
		};
		F33DE0022608D31700AC24CC /* Debug */ = {
			isa = XCBuildConfiguration;
			buildSettings = {
				ASSETCATALOG_COMPILER_APPICON_NAME = AppIcon;
				ASSETCATALOG_COMPILER_GLOBAL_ACCENT_COLOR_NAME = AccentColor;
				CODE_SIGN_STYLE = Automatic;
				DEVELOPMENT_ASSET_PATHS = "\"dalva/Preview Content\"";
				ENABLE_PREVIEWS = YES;
				INFOPLIST_FILE = dalva/Info.plist;
				LD_RUNPATH_SEARCH_PATHS = (
					"$(inherited)",
					"@executable_path/Frameworks",
				);
				PRODUCT_BUNDLE_IDENTIFIER = "---.dalva";
				PRODUCT_NAME = "$(TARGET_NAME)";
				SWIFT_VERSION = 5.0;
				TARGETED_DEVICE_FAMILY = "1,2";
			};
			name = Debug;
		};
		F33DE0032608D31700AC24CC /* Release */ = {
			isa = XCBuildConfiguration;
			buildSettings = {
				ASSETCATALOG_COMPILER_APPICON_NAME = AppIcon;
				ASSETCATALOG_COMPILER_GLOBAL_ACCENT_COLOR_NAME = AccentColor;
				CODE_SIGN_STYLE = Automatic;
				DEVELOPMENT_ASSET_PATHS = "\"dalva/Preview Content\"";
				ENABLE_PREVIEWS = YES;
				INFOPLIST_FILE = dalva/Info.plist;
				LD_RUNPATH_SEARCH_PATHS = (
					"$(inherited)",
					"@executable_path/Frameworks",
				);
				PRODUCT_BUNDLE_IDENTIFIER = "---.dalva";
				PRODUCT_NAME = "$(TARGET_NAME)";
				SWIFT_VERSION = 5.0;
				TARGETED_DEVICE_FAMILY = "1,2";
			};
			name = Release;
		};
/* End XCBuildConfiguration section */

/* Begin XCConfigurationList section */
		F33DDFE82608D31600AC24CC /* Build configuration list for PBXProject "dalva" */ = {
			isa = XCConfigurationList;
			buildConfigurations = (
				F33DDFFF2608D31700AC24CC /* Debug */,
				F33DE0002608D31700AC24CC /* Release */,
			);
			defaultConfigurationIsVisible = 0;
			defaultConfigurationName = Release;
		};
		F33DE0012608D31700AC24CC /* Build configuration list for PBXNativeTarget "dalva" */ = {
			isa = XCConfigurationList;
			buildConfigurations = (
				F33DE0022608D31700AC24CC /* Debug */,
				F33DE0032608D31700AC24CC /* Release */,
			);
			defaultConfigurationIsVisible = 0;
			defaultConfigurationName = Release;
		};
/* End XCConfigurationList section */
	};
	rootObject = F33DDFE52608D31600AC24CC /* Project object */;
}
